<?xml version="1.0" encoding="utf-8"?>
<Project ToolsVersion="4.0" xmlns="http://schemas.microsoft.com/developer/msbuild/2003">
  <ItemGroup>
    <Filter Include="Source Files">
      <UniqueIdentifier>{8006bfe0-e69a-4981-968e-c4c2ba2c5ad2}</UniqueIdentifier>
      <Extensions>cpp;c;cxx;rc;def;r;odl;idl;hpj;bat</Extensions>
    </Filter>
    <Filter Include="Header Files">
      <UniqueIdentifier>{954e8fb9-d5de-4983-9c87-6f29f8179d57}</UniqueIdentifier>
      <Extensions>h;hpp;hxx;hm;inl</Extensions>
    </Filter>
    <Filter Include="Resource Files">
      <UniqueIdentifier>{496e0739-50b8-43f9-b367-9d78ce60c4a5}</UniqueIdentifier>
      <Extensions>ico;cur;bmp;dlg;rc2;rct;bin;rgs;gif;jpg;jpeg;jpe</Extensions>
    </Filter>
  </ItemGroup>
  <ItemGroup>
    <ClCompile Include="StdAfx.cpp">
      <Filter>Source Files</Filter>
    </ClCompile>
    <ClCompile Include="Strategy.cpp">
      <Filter>Source Files</Filter>
    </ClCompile>
    <ClCompile Include="Core\beliefState.cpp">
      <Filter>Source Files</Filter>
    </ClCompile>
    <ClCompile Include="Utils\kalman.cpp">
      <Filter>Source Files</Filter>
    </ClCompile>
    <ClCompile Include="Utils\mergeSCurve.cpp">
      <Filter>Source Files</Filter>
    </ClCompile>
    <ClCompile Include="Utils\comdef.cpp">
      <Filter>Source Files</Filter>
    </ClCompile>
    <ClCompile Include="HAL\comm.cpp">
      <Filter>Source Files</Filter>
    </ClCompile>
    <ClCompile Include="Skills\sDefendPoint.cpp">
      <Filter>Source Files</Filter>
    </ClCompile>
    <ClCompile Include="Skills\sGoalKeeping.cpp">
      <Filter>Source Files</Filter>
    </ClCompile>
    <ClCompile Include="Skills\sGoToBall.cpp">
      <Filter>Source Files</Filter>
    </ClCompile>
    <ClCompile Include="Skills\sGoToBallStraight.cpp">
      <Filter>Source Files</Filter>
    </ClCompile>
    <ClCompile Include="Skills\sGoToPoint.cpp">
      <Filter>Source Files</Filter>
    </ClCompile>
    <ClCompile Include="Skills\sGoToPointStraight.cpp">
      <Filter>Source Files</Filter>
    </ClCompile>
    <ClCompile Include="Skills\skillSet.cpp">
      <Filter>Source Files</Filter>
    </ClCompile>
    <ClCompile Include="Skills\sSpin.cpp">
      <Filter>Source Files</Filter>
    </ClCompile>
    <ClCompile Include="Skills\sStop.cpp">
      <Filter>Source Files</Filter>
    </ClCompile>
    <ClCompile Include="Skills\sTurnToAngle.cpp">
      <Filter>Source Files</Filter>
    </ClCompile>
    <ClCompile Include="Skills\sTurnToPoint.cpp">
      <Filter>Source Files</Filter>
    </ClCompile>
    <ClCompile Include="Skills\sVelocity.cpp">
      <Filter>Source Files</Filter>
    </ClCompile>
    <ClCompile Include="Tactics\robot.cpp">
      <Filter>Source Files</Filter>
    </ClCompile>
    <ClCompile Include="Tactics\tactic.cpp">
      <Filter>Source Files</Filter>
    </ClCompile>
    <ClCompile Include="common\src\thread.cpp">
      <Filter>Source Files</Filter>
    </ClCompile>
    <ClCompile Include="winDebugger\Client.cpp">
      <Filter>Source Files</Filter>
    </ClCompile>
    <ClCompile Include="common\include\config.cpp">
      <Filter>Source Files</Filter>
    </ClCompile>
    <ClCompile Include="Skills\sChargeBall.cpp">
      <Filter>Source Files</Filter>
    </ClCompile>
    <ClCompile Include="Skills\sGoToPointDW.cpp">
      <Filter>Source Files</Filter>
    </ClCompile>
    <ClCompile Include="Utils\LocalAvoidance.cpp">
      <Filter>Source Files</Filter>
    </ClCompile>
    <ClCompile Include="Skills\sTestSkill.cpp">
      <Filter>Source Files</Filter>
    </ClCompile>
    <ClCompile Include="Skills\sKickBall.cpp">
      <Filter>Source Files</Filter>
    </ClCompile>
    <ClCompile Include="Utils\intersection.cpp">
      <Filter>Source Files</Filter>
    </ClCompile>
    <ClCompile Include="pose.cpp">
      <Filter>Source Files</Filter>
    </ClCompile>
  </ItemGroup>
  <ItemGroup>
    <ClInclude Include="StdAfx.h">
      <Filter>Header Files</Filter>
    </ClInclude>
    <ClInclude Include="Strategy.h">
      <Filter>Header Files</Filter>
    </ClInclude>
    <ClInclude Include="Core\beliefState.h">
      <Filter>Header Files</Filter>
    </ClInclude>
    <ClInclude Include="Core\tester.hpp">
      <Filter>Header Files</Filter>
    </ClInclude>
    <ClInclude Include="Utils\kalman.h">
      <Filter>Header Files</Filter>
    </ClInclude>
    <ClInclude Include="Utils\pathPlanners.h">
      <Filter>Header Files</Filter>
    </ClInclude>
    <ClInclude Include="Utils\comdef.h">
      <Filter>Header Files</Filter>
    </ClInclude>
    <ClInclude Include="HAL\comm.h">
      <Filter>Header Files</Filter>
    </ClInclude>
    <ClInclude Include="Skills\skillSet.h">
      <Filter>Header Files</Filter>
    </ClInclude>
    <ClInclude Include="Tactics\tVelocity.hpp">
      <Filter>Header Files</Filter>
    </ClInclude>
    <ClInclude Include="Tactics\robot.h">
      <Filter>Header Files</Filter>
    </ClInclude>
    <ClInclude Include="Tactics\tactic.h">
      <Filter>Header Files</Filter>
    </ClInclude>
    <ClInclude Include="Tactics\tAttack.hpp">
      <Filter>Header Files</Filter>
    </ClInclude>
    <ClInclude Include="Tactics\tBlock.hpp">
      <Filter>Header Files</Filter>
    </ClInclude>
    <ClInclude Include="Tactics\tCoverGoal.hpp">
      <Filter>Header Files</Filter>
    </ClInclude>
    <ClInclude Include="Tactics\tDefendLine.hpp">
      <Filter>Header Files</Filter>
    </ClInclude>
    <ClInclude Include="Tactics\tDefendPoint.hpp">
      <Filter>Header Files</Filter>
    </ClInclude>
    <ClInclude Include="Tactics\tDragToGoalOpp.hpp">
      <Filter>Header Files</Filter>
    </ClInclude>
    <ClInclude Include="Tactics\tGoalKeepingOppSide.hpp">
      <Filter>Header Files</Filter>
    </ClInclude>
    <ClInclude Include="Tactics\tGoalKeepingOurSide.hpp">
      <Filter>Header Files</Filter>
    </ClInclude>
    <ClInclude Include="Tactics\tinclude.h">
      <Filter>Header Files</Filter>
    </ClInclude>
    <ClInclude Include="Tactics\tReceiveBall.hpp">
      <Filter>Header Files</Filter>
    </ClInclude>
    <ClInclude Include="Tactics\tShoot.hpp">
      <Filter>Header Files</Filter>
    </ClInclude>
    <ClInclude Include="Tactics\tStop.hpp">
      <Filter>Header Files</Filter>
    </ClInclude>
    <ClInclude Include="mainheaders.hpp">
      <Filter>Header Files</Filter>
    </ClInclude>
    <ClInclude Include="common\include\config.h">
      <Filter>Header Files</Filter>
    </ClInclude>
    <ClInclude Include="common\include\cs.hpp">
      <Filter>Header Files</Filter>
    </ClInclude>
    <ClInclude Include="common\include\thread.h">
      <Filter>Header Files</Filter>
    </ClInclude>
    <ClInclude Include="common\include\timer.h">
      <Filter>Header Files</Filter>
    </ClInclude>
    <ClInclude Include="common\include\util.h">
      <Filter>Header Files</Filter>
    </ClInclude>
    <ClInclude Include="common\include\vld.h">
      <Filter>Header Files</Filter>
    </ClInclude>
    <ClInclude Include="winDebugger\Client.h">
      <Filter>Header Files</Filter>
    </ClInclude>
    <ClInclude Include="Tactics\tAttackLingo.hpp">
      <Filter>Header Files</Filter>
    </ClInclude>
    <ClInclude Include="Tactics\tMidField.hpp">
      <Filter>Header Files</Filter>
    </ClInclude>
    <ClInclude Include="Tactics\tPosition.hpp">
      <Filter>Header Files</Filter>
    </ClInclude>
    <ClInclude Include="Utils\intersection.hpp">
      <Filter>Header Files</Filter>
    </ClInclude>
    <ClInclude Include="Tactics\tAttackNew.hpp">
      <Filter>Source Files</Filter>
    </ClInclude>
    <ClInclude Include="pose.h">
      <Filter>Header Files</Filter>
    </ClInclude>
  </ItemGroup>
  <ItemGroup>
    <CustomBuild Include="ReadMe.txt" />
  </ItemGroup>
</Project>