<?xml version="1.0" encoding="utf-8"?>
<Project ToolsVersion="4.0" xmlns="http://schemas.microsoft.com/developer/msbuild/2003">
  <ItemGroup>
    <Filter Include="Source Files">
      <UniqueIdentifier>{8006bfe0-e69a-4981-968e-c4c2ba2c5ad2}</UniqueIdentifier>
      <Extensions>cpp;c;cxx;rc;def;r;odl;idl;hpj;bat</Extensions>
    </Filter>
    <Filter Include="Header Files">
      <UniqueIdentifier>{954e8fb9-d5de-4983-9c87-6f29f8179d57}</UniqueIdentifier>
      <Extensions>h;hpp;hxx;hm;inl</Extensions>
    </Filter>
    <Filter Include="Resource Files">
      <UniqueIdentifier>{496e0739-50b8-43f9-b367-9d78ce60c4a5}</UniqueIdentifier>
      <Extensions>ico;cur;bmp;dlg;rc2;rct;bin;rgs;gif;jpg;jpeg;jpe</Extensions>
    </Filter>
  </ItemGroup>
  <ItemGroup>
    <ClCompile Include="StdAfx.cpp">
      <Filter>Source Files</Filter>
    </ClCompile>
    <ClCompile Include="Strategy.cpp">
      <Filter>Source Files</Filter>
    </ClCompile>
    <ClCompile Include="Core\beliefState.cpp">
      <Filter>Source Files</Filter>
    </ClCompile>
    <ClCompile Include="Core\dataBox.cpp">
      <Filter>Source Files</Filter>
    </ClCompile>
    <ClCompile Include="Core\paramLoaders.cpp">
      <Filter>Source Files</Filter>
    </ClCompile>
    <ClCompile Include="Utils\sCurve.cpp">
      <Filter>Source Files</Filter>
    </ClCompile>
    <ClCompile Include="Utils\errt.cpp">
      <Filter>Source Files</Filter>
    </ClCompile>
    <ClCompile Include="Utils\intersection.cpp">
      <Filter>Source Files</Filter>
    </ClCompile>
    <ClCompile Include="Utils\kalman.cpp">
      <Filter>Source Files</Filter>
    </ClCompile>
    <ClCompile Include="Utils\LocalAvoidance.cpp">
      <Filter>Source Files</Filter>
    </ClCompile>
    <ClCompile Include="Utils\mergeSCurve.cpp">
      <Filter>Source Files</Filter>
    </ClCompile>
    <ClCompile Include="Utils\naivePathPlanner.cpp">
      <Filter>Source Files</Filter>
    </ClCompile>
    <ClCompile Include="Utils\comdef.cpp">
      <Filter>Source Files</Filter>
    </ClCompile>
    <ClCompile Include="Plays\core\expPS.cpp">
      <Filter>Source Files</Filter>
    </ClCompile>
    <ClCompile Include="Plays\core\naivePS.cpp">
      <Filter>Source Files</Filter>
    </ClCompile>
    <ClCompile Include="Plays\core\pExec.cpp">
      <Filter>Source Files</Filter>
    </ClCompile>
    <ClCompile Include="Plays\core\playBook.cpp">
      <Filter>Source Files</Filter>
    </ClCompile>
    <ClCompile Include="Plays\core\ps.cpp">
      <Filter>Source Files</Filter>
    </ClCompile>
    <ClCompile Include="Learning\evaluator.cpp">
      <Filter>Source Files</Filter>
    </ClCompile>
    <ClCompile Include="Learning\MLP.cpp">
      <Filter>Source Files</Filter>
    </ClCompile>
    <ClCompile Include="Learning\testTactic.cpp">
      <Filter>Source Files</Filter>
    </ClCompile>
    <ClCompile Include="Learning\train_gotoBall.cpp">
      <Filter>Source Files</Filter>
    </ClCompile>
    <ClCompile Include="Learning\train_gotoPoint.cpp">
      <Filter>Source Files</Filter>
    </ClCompile>
    <ClCompile Include="Learning\train_scrap.cpp">
      <Filter>Source Files</Filter>
    </ClCompile>
    <ClCompile Include="Learning\train_timePredicter.cpp">
      <Filter>Source Files</Filter>
    </ClCompile>
    <ClCompile Include="HAL\comm.cpp">
      <Filter>Source Files</Filter>
    </ClCompile>
    <ClCompile Include="Skills\sDefendPoint.cpp">
      <Filter>Source Files</Filter>
    </ClCompile>
    <ClCompile Include="Skills\sDribbleToPoint.cpp">
      <Filter>Source Files</Filter>
    </ClCompile>
    <ClCompile Include="Skills\sGoalKeeping.cpp">
      <Filter>Source Files</Filter>
    </ClCompile>
    <ClCompile Include="Skills\sGoToBall.cpp">
      <Filter>Source Files</Filter>
    </ClCompile>
    <ClCompile Include="Skills\sGoToBallStraight.cpp">
      <Filter>Source Files</Filter>
    </ClCompile>
    <ClCompile Include="Skills\sGoToPoint.cpp">
      <Filter>Source Files</Filter>
    </ClCompile>
    <ClCompile Include="Skills\sGoToPointStraight.cpp">
      <Filter>Source Files</Filter>
    </ClCompile>
    <ClCompile Include="Skills\skillSet.cpp">
      <Filter>Source Files</Filter>
    </ClCompile>
    <ClCompile Include="Skills\sReceiveBall.cpp">
      <Filter>Source Files</Filter>
    </ClCompile>
    <ClCompile Include="Skills\sSpin.cpp">
      <Filter>Source Files</Filter>
    </ClCompile>
    <ClCompile Include="Skills\sSpinToGoal.cpp">
      <Filter>Source Files</Filter>
    </ClCompile>
    <ClCompile Include="Skills\sStop.cpp">
      <Filter>Source Files</Filter>
    </ClCompile>
    <ClCompile Include="Skills\sTurnToAngle.cpp">
      <Filter>Source Files</Filter>
    </ClCompile>
    <ClCompile Include="Skills\sTurnToPoint.cpp">
      <Filter>Source Files</Filter>
    </ClCompile>
    <ClCompile Include="Skills\sVelocity.cpp">
      <Filter>Source Files</Filter>
    </ClCompile>
    <ClCompile Include="Tactics\robot.cpp">
      <Filter>Source Files</Filter>
    </ClCompile>
    <ClCompile Include="Tactics\tactic.cpp">
      <Filter>Source Files</Filter>
    </ClCompile>
    <ClCompile Include="main.cpp">
      <Filter>Source Files</Filter>
    </ClCompile>
    <ClCompile Include="common\src\thread.cpp">
      <Filter>Source Files</Filter>
    </ClCompile>
    <ClCompile Include="HAL\debugCircle.cpp">
      <Filter>Source Files</Filter>
    </ClCompile>
    <ClCompile Include="HAL\debugLines.cpp">
      <Filter>Source Files</Filter>
    </ClCompile>
    <ClCompile Include="Server.cpp">
      <Filter>Source Files</Filter>
    </ClCompile>
    <ClCompile Include="winDebugger\Client.cpp">
      <Filter>Source Files</Filter>
    </ClCompile>
    <ClCompile Include="Skills\sGoToPointGoalie.cpp">
      <Filter>Source Files</Filter>
    </ClCompile>
    <ClCompile Include="common\include\config.cpp">
      <Filter>Source Files</Filter>
    </ClCompile>
    <ClCompile Include="Skills\sChargeBall.cpp">
      <Filter>Source Files</Filter>
    </ClCompile>
    <ClCompile Include="pose.cpp">
      <Filter>Source Files</Filter>
    </ClCompile>
  </ItemGroup>
  <ItemGroup>
    <ClInclude Include="StdAfx.h">
      <Filter>Header Files</Filter>
    </ClInclude>
    <ClInclude Include="Strategy.h">
      <Filter>Header Files</Filter>
    </ClInclude>
    <ClInclude Include="Core\beliefState.h">
      <Filter>Header Files</Filter>
    </ClInclude>
    <ClInclude Include="Core\dataBox.h">
      <Filter>Header Files</Filter>
    </ClInclude>
    <ClInclude Include="Core\debugtypes.h">
      <Filter>Header Files</Filter>
    </ClInclude>
    <ClInclude Include="Core\paramLoaders.h">
      <Filter>Header Files</Filter>
    </ClInclude>
    <ClInclude Include="Core\tester.hpp">
      <Filter>Header Files</Filter>
    </ClInclude>
    <ClInclude Include="Core\worker.hpp">
      <Filter>Header Files</Filter>
    </ClInclude>
    <ClInclude Include="Utils\intersection.hpp">
      <Filter>Header Files</Filter>
    </ClInclude>
    <ClInclude Include="Utils\kalman.h">
      <Filter>Header Files</Filter>
    </ClInclude>
    <ClInclude Include="Utils\kdTree.hpp">
      <Filter>Header Files</Filter>
    </ClInclude>
    <ClInclude Include="Utils\pathPlanners.h">
      <Filter>Header Files</Filter>
    </ClInclude>
    <ClInclude Include="Utils\comdef.h">
      <Filter>Header Files</Filter>
    </ClInclude>
    <ClInclude Include="Plays\core\expPS.h">
      <Filter>Header Files</Filter>
    </ClInclude>
    <ClInclude Include="Plays\core\naivePS.h">
      <Filter>Header Files</Filter>
    </ClInclude>
    <ClInclude Include="Plays\core\pExec.h">
      <Filter>Header Files</Filter>
    </ClInclude>
    <ClInclude Include="Plays\core\play.hpp">
      <Filter>Header Files</Filter>
    </ClInclude>
    <ClInclude Include="Plays\core\playBook.h">
      <Filter>Header Files</Filter>
    </ClInclude>
    <ClInclude Include="Plays\core\ps.h">
      <Filter>Header Files</Filter>
    </ClInclude>
    <ClInclude Include="Plays\playbook\pNone.hpp">
      <Filter>Header Files</Filter>
    </ClInclude>
    <ClInclude Include="Plays\playbook\pOppGoalKick.hpp">
      <Filter>Header Files</Filter>
    </ClInclude>
    <ClInclude Include="Plays\playbook\pOurGoalKick.hpp">
      <Filter>Header Files</Filter>
    </ClInclude>
    <ClInclude Include="Plays\playbook\pPositionOppStrike.hpp">
      <Filter>Header Files</Filter>
    </ClInclude>
    <ClInclude Include="Plays\playbook\pPositionOurStrike.hpp">
      <Filter>Header Files</Filter>
    </ClInclude>
    <ClInclude Include="Plays\playbook\pSetPosition.hpp">
      <Filter>Header Files</Filter>
    </ClInclude>
    <ClInclude Include="Plays\playbook\pTestPlay.hpp">
      <Filter>Header Files</Filter>
    </ClInclude>
    <ClInclude Include="Learning\trainers.hpp">
      <Filter>Header Files</Filter>
    </ClInclude>
    <ClInclude Include="Learning\evaluator.h">
      <Filter>Header Files</Filter>
    </ClInclude>
    <ClInclude Include="Learning\MLP.h">
      <Filter>Header Files</Filter>
    </ClInclude>
    <ClInclude Include="HAL\comm.h">
      <Filter>Header Files</Filter>
    </ClInclude>
    <ClInclude Include="Skills\skillSet.h">
      <Filter>Header Files</Filter>
    </ClInclude>
    <ClInclude Include="Tactics\tVelocity.hpp">
      <Filter>Header Files</Filter>
    </ClInclude>
    <ClInclude Include="Tactics\robot.h">
      <Filter>Header Files</Filter>
    </ClInclude>
    <ClInclude Include="Tactics\tactic.h">
      <Filter>Header Files</Filter>
    </ClInclude>
    <ClInclude Include="Tactics\tAttack.hpp">
      <Filter>Header Files</Filter>
    </ClInclude>
    <ClInclude Include="Tactics\tBlock.hpp">
      <Filter>Header Files</Filter>
    </ClInclude>
    <ClInclude Include="Tactics\tCharge.hpp">
      <Filter>Header Files</Filter>
    </ClInclude>
    <ClInclude Include="Tactics\tCoverGoal.hpp">
      <Filter>Header Files</Filter>
    </ClInclude>
    <ClInclude Include="Tactics\tDefend.hpp">
      <Filter>Header Files</Filter>
    </ClInclude>
    <ClInclude Include="Tactics\tDefendLine.hpp">
      <Filter>Header Files</Filter>
    </ClInclude>
    <ClInclude Include="Tactics\tDefendPoint.hpp">
      <Filter>Header Files</Filter>
    </ClInclude>
    <ClInclude Include="Tactics\tDragToGoal.hpp">
      <Filter>Header Files</Filter>
    </ClInclude>
    <ClInclude Include="Tactics\tDragToGoalOpp.hpp">
      <Filter>Header Files</Filter>
    </ClInclude>
    <ClInclude Include="Tactics\tGoalKeepingOppSide.hpp">
      <Filter>Header Files</Filter>
    </ClInclude>
    <ClInclude Include="Tactics\tGoalKeepingOurSide.hpp">
      <Filter>Header Files</Filter>
    </ClInclude>
    <ClInclude Include="Tactics\tinclude.h">
      <Filter>Header Files</Filter>
    </ClInclude>
    <ClInclude Include="Tactics\tKickToGoal.hpp">
      <Filter>Header Files</Filter>
    </ClInclude>
    <ClInclude Include="Tactics\tMarkBot.hpp">
      <Filter>Header Files</Filter>
    </ClInclude>
    <ClInclude Include="Tactics\tPass.hpp">
      <Filter>Header Files</Filter>
    </ClInclude>
    <ClInclude Include="Tactics\tPosition.hpp">
      <Filter>Header Files</Filter>
    </ClInclude>
    <ClInclude Include="Tactics\tPositionForPenalty.hpp">
      <Filter>Header Files</Filter>
    </ClInclude>
    <ClInclude Include="Tactics\tPositionForStart.hpp">
      <Filter>Header Files</Filter>
    </ClInclude>
    <ClInclude Include="Tactics\tReceiveBall.hpp">
      <Filter>Header Files</Filter>
    </ClInclude>
    <ClInclude Include="Tactics\tShoot.hpp">
      <Filter>Header Files</Filter>
    </ClInclude>
    <ClInclude Include="Tactics\tSteal.hpp">
      <Filter>Header Files</Filter>
    </ClInclude>
    <ClInclude Include="Tactics\tStop.hpp">
      <Filter>Header Files</Filter>
    </ClInclude>
    <ClInclude Include="mainheaders.hpp">
      <Filter>Header Files</Filter>
    </ClInclude>
    <ClInclude Include="common\include\config.h">
      <Filter>Header Files</Filter>
    </ClInclude>
    <ClInclude Include="common\include\cs.hpp">
      <Filter>Header Files</Filter>
    </ClInclude>
    <ClInclude Include="common\include\geometry.hpp">
      <Filter>Header Files</Filter>
    </ClInclude>
    <ClInclude Include="common\include\randGenerator.h">
      <Filter>Header Files</Filter>
    </ClInclude>
    <ClInclude Include="common\include\rbCommDef.h">
      <Filter>Header Files</Filter>
    </ClInclude>
    <ClInclude Include="common\include\thread.h">
      <Filter>Header Files</Filter>
    </ClInclude>
    <ClInclude Include="common\include\timer.h">
      <Filter>Header Files</Filter>
    </ClInclude>
    <ClInclude Include="common\include\util.h">
      <Filter>Header Files</Filter>
    </ClInclude>
    <ClInclude Include="common\include\vld.h">
      <Filter>Header Files</Filter>
    </ClInclude>
    <ClInclude Include="HAL\debugCircle.h">
      <Filter>Header Files</Filter>
    </ClInclude>
    <ClInclude Include="HAL\debugLines.h">
      <Filter>Header Files</Filter>
    </ClInclude>
    <ClInclude Include="Server.h">
      <Filter>Header Files</Filter>
    </ClInclude>
    <ClInclude Include="winDebugger\Client.h">
      <Filter>Header Files</Filter>
    </ClInclude>
    <ClInclude Include="Tactics\tBackup.hpp">
      <Filter>Header Files</Filter>
    </ClInclude>
    <ClInclude Include="Plays\playbook\pDefense1.hpp">
      <Filter>Header Files</Filter>
    </ClInclude>
    <ClInclude Include="Plays\playbook\pDefense2.hpp">
      <Filter>Header Files</Filter>
    </ClInclude>
    <ClInclude Include="Plays\playbook\pOffense1.hpp">
      <Filter>Header Files</Filter>
    </ClInclude>
    <ClInclude Include="Plays\playbook\pOffense2.hpp">
      <Filter>Header Files</Filter>
    </ClInclude>
    <ClInclude Include="Plays\playbook\pPositionOppFreeKick.hpp">
      <Filter>Header Files</Filter>
    </ClInclude>
    <ClInclude Include="Plays\playbook\pPositionOurFreeKick.hpp">
      <Filter>Header Files</Filter>
    </ClInclude>
    <ClInclude Include="Plays\playbook\pSuperOffense.hpp">
      <Filter>Header Files</Filter>
    </ClInclude>
    <ClInclude Include="Plays\playbook\pSuperDefense.hpp">
      <Filter>Header Files</Filter>
    </ClInclude>
    <ClInclude Include="Plays\playbook\pStop.hpp">
      <Filter>Header Files</Filter>
    </ClInclude>
    <ClInclude Include="Tactics\tAttackLingo.hpp">
      <Filter>Header Files</Filter>
    </ClInclude>
    <ClInclude Include="Tactics\tChargeToGoal.hpp">
      <Filter>Header Files</Filter>
    </ClInclude>
    <ClInclude Include="Plays\playbook\pOffense3.hpp">
      <Filter>Header Files</Filter>
    </ClInclude>
    <ClInclude Include="Tactics\tMidField.hpp">
      <Filter>Header Files</Filter>
    </ClInclude>
    <ClInclude Include="pAttack.hpp">
      <Filter>Header Files</Filter>
    </ClInclude>
    <ClInclude Include="pose.h">
      <Filter>Header Files</Filter>
    </ClInclude>
  </ItemGroup>
  <ItemGroup>
    <CustomBuild Include="ReadMe.txt" />
  </ItemGroup>
</Project>